PODS:
  - Capacitor (3.4.1):
    - CapacitorCordova
  - CapacitorApp (1.1.0):
    - Capacitor
  - CapacitorCommunityHttp (1.4.1):
    - Capacitor
  - CapacitorCordova (3.4.1)
  - CapacitorLocalNotifications (1.1.0):
    - Capacitor
  - CapacitorPushNotifications (1.0.9):
    - Capacitor
  - CapacitorShare (1.1.1):
    - Capacitor
  - CapacitorStorage (1.2.4):
    - Capacitor
  - Firebase/CoreOnly (8.3.0):
    - FirebaseCore (= 8.3.0)
  - Firebase/Messaging (8.3.0):
    - Firebase/CoreOnly
    - FirebaseMessaging (~> 8.3.0)
  - FirebaseCore (8.3.0):
    - FirebaseCoreDiagnostics (~> 8.0)
    - GoogleUtilities/Environment (~> 7.4)
    - GoogleUtilities/Logger (~> 7.4)
  - FirebaseCoreDiagnostics (8.3.0):
    - GoogleDataTransport (~> 9.0)
    - GoogleUtilities/Environment (~> 7.4)
    - GoogleUtilities/Logger (~> 7.4)
    - nanopb (~> 2.30908.0)
  - FirebaseInstallations (8.3.0):
    - FirebaseCore (~> 8.0)
    - GoogleUtilities/Environment (~> 7.4)
    - GoogleUtilities/UserDefaults (~> 7.4)
    - PromisesObjC (~> 1.2)
  - FirebaseMessaging (8.3.0):
    - FirebaseCore (~> 8.0)
    - FirebaseInstallations (~> 8.0)
    - GoogleUtilities/AppDelegateSwizzler (~> 7.4)
    - GoogleUtilities/Environment (~> 7.4)
    - GoogleUtilities/Reachability (~> 7.4)
    - GoogleUtilities/UserDefaults (~> 7.4)
  - GoogleDataTransport (9.1.0):
    - GoogleUtilities/Environment (~> 7.2)
    - nanopb (~> 2.30908.0)
    - PromisesObjC (< 3.0, >= 1.2)
  - GoogleUtilities/AppDelegateSwizzler (7.5.0):
    - GoogleUtilities/Environment
    - GoogleUtilities/Logger
    - GoogleUtilities/Network
  - GoogleUtilities/Environment (7.5.0):
    - PromisesObjC (< 3.0, >= 1.2)
  - GoogleUtilities/Logger (7.5.0):
    - GoogleUtilities/Environment
  - GoogleUtilities/Network (7.5.0):
    - GoogleUtilities/Logger
    - "GoogleUtilities/NSData+zlib"
    - GoogleUtilities/Reachability
  - "GoogleUtilities/NSData+zlib (7.5.0)"
  - GoogleUtilities/Reachability (7.5.0):
    - GoogleUtilities/Logger
  - GoogleUtilities/UserDefaults (7.5.0):
    - GoogleUtilities/Logger
  - nanopb (2.30908.0):
    - nanopb/decode (= 2.30908.0)
    - nanopb/encode (= 2.30908.0)
  - nanopb/decode (2.30908.0)
  - nanopb/encode (2.30908.0)
  - PromisesObjC (1.2.12)

DEPENDENCIES:
  - "Capacitor (from `../../../../node_modules/@capacitor/ios`)"
  - "CapacitorApp (from `../../../../node_modules/@capacitor/app`)"
  - "CapacitorCommunityHttp (from `../../../../node_modules/@capacitor-community/http`)"
  - "CapacitorCordova (from `../../../../node_modules/@capacitor/ios`)"
  - "CapacitorLocalNotifications (from `../../../../node_modules/@capacitor/local-notifications`)"
  - "CapacitorPushNotifications (from `../../../../node_modules/@capacitor/push-notifications`)"
  - "CapacitorShare (from `../../../../node_modules/@capacitor/share`)"
  - "CapacitorStorage (from `../../../../node_modules/@capacitor/storage`)"
  - Firebase/Messaging

SPEC REPOS:
  trunk:
    - Firebase
    - FirebaseCore
    - FirebaseCoreDiagnostics
    - FirebaseInstallations
    - FirebaseMessaging
    - GoogleDataTransport
    - GoogleUtilities
    - nanopb
    - PromisesObjC

EXTERNAL SOURCES:
  Capacitor:
    :path: "../../../../node_modules/@capacitor/ios"
  CapacitorApp:
    :path: "../../../../node_modules/@capacitor/app"
  CapacitorCommunityHttp:
    :path: "../../../../node_modules/@capacitor-community/http"
  CapacitorCordova:
    :path: "../../../../node_modules/@capacitor/ios"
  CapacitorLocalNotifications:
    :path: "../../../../node_modules/@capacitor/local-notifications"
  CapacitorPushNotifications:
    :path: "../../../../node_modules/@capacitor/push-notifications"
  CapacitorShare:
    :path: "../../../../node_modules/@capacitor/share"
  CapacitorStorage:
    :path: "../../../../node_modules/@capacitor/storage"

SPEC CHECKSUMS:
  Capacitor: 9ff0758671daabc97247c8c57a981379bc30bb5f
  CapacitorApp: c927de41f3853ffcccf5944090af8b501cf7ba9b
  CapacitorCommunityHttp: 7be90668527ef14ee10d08135b0e00fac9cf8247
  CapacitorCordova: 4cf19cbad01e5a9e143e2f28f66c621c362f0f79
  CapacitorLocalNotifications: fd629180bef9bc95d92a0d953704f62d21133e1d
  CapacitorPushNotifications: 5efe2b9e8f71995bb935ffed1d29539ad037dff2
  CapacitorShare: ae4e6c8f0abbd5bdfda30d039d8c50bef66ad05f
  CapacitorStorage: 8ec2cf8fec179d829288b16c6fba6c3c43d2bdc9
  Firebase: 817b9171d0d51dccc458b94a5e8edff6b1dd323d
  FirebaseCore: a6dba751680d7033b9d3831e1cfc95ead0605118
  FirebaseCoreDiagnostics: 7e873baabcfaa9512f538554ae4fa0817aaafbdb
  FirebaseInstallations: b69db7680870dbac17bba7a51fc0b5c4b365baa7
  FirebaseMessaging: 42252b79b860482021483748669ec32e22196462
  GoogleDataTransport: 85fd18ff3019bb85d3f2c551d04c481dedf71fc9
  GoogleUtilities: eea970f4a389963963bffe8d8fabe43540678b9c
  nanopb: a0ba3315591a9ae0a16a309ee504766e90db0c96
  PromisesObjC: 3113f7f76903778cf4a0586bd1ab89329a0b7b97

PODFILE CHECKSUM: 43b46948ef81da9caf79c9b32326785172c5f7d0

COCOAPODS: 1.11.2
